
Microsoft Visual Studio Solution File, Format Version 12.00
# Visual Studio 15
VisualStudioVersion = 15.0.27703.2047
MinimumVisualStudioVersion = 10.0.40219.1
Project("{8BC9CEB8-8B4A-11D0-8D11-00A0C91BC942}") = "TeamspeakTTS", "TeamspeakTTS\TeamspeakTTS.vcxproj", "{4F9A61CA-A9DF-46F8-AA45-0DF52ADC2E7B}"
EndProject
Global
	GlobalSection(SolutionConfigurationPlatforms) = preSolution
		Debug|x64 = Debug|x64
		Debug|x86 = Debug|x86
		Release|x64 = Release|x64
		Release|x86 = Release|x86
	EndGlobalSection
	GlobalSection(ProjectConfigurationPlatforms) = postSolution
		{4F9A61CA-A9DF-46F8-AA45-0DF52ADC2E7B}.Debug|x64.ActiveCfg = Debug|x64
		{4F9A61CA-A9DF-46F8-AA45-0DF52ADC2E7B}.Debug|x64.Build.0 = Debug|x64
		{4F9A61CA-A9DF-46F8-AA45-0DF52ADC2E7B}.Debug|x86.ActiveCfg = Debug|Win32
		{4F9A61CA-A9DF-46F8-AA45-0DF52ADC2E7B}.Debug|x86.Build.0 = Debug|Win32
		{4F9A61CA-A9DF-46F8-AA45-0DF52ADC2E7B}.Release|x64.ActiveCfg = Release|x64
		{4F9A61CA-A9DF-46F8-AA45-0DF52ADC2E7B}.Release|x64.Build.0 = Release|x64
		{4F9A61CA-A9DF-46F8-AA45-0DF52ADC2E7B}.Release|x86.ActiveCfg = Release|Win32
		{4F9A61CA-A9DF-46F8-AA45-0DF52ADC2E7B}.Release|x86.Build.0 = Release|Win32
	EndGlobalSection
	GlobalSection(SolutionProperties) = preSolution
		HideSolutionNode = FALSE
	EndGlobalSection
	GlobalSection(ExtensibilityGlobals) = postSolution
		SolutionGuid = {5D9F42CB-4DA3-43BE-8C63-8B9F2E98CB87}
	EndGlobalSection
EndGlobal
